// !$*UTF8*$!
{
	archiveVersion = 1;
	classes = {
	};
	objectVersion = 50;
	objects = {

/* Begin PBXBuildFile section */
		636BFE6B244463EF000569C7 /* AppDelegate.swift in Sources */ = {isa = PBXBuildFile; fileRef = 636BFE6A244463EF000569C7 /* AppDelegate.swift */; };
		636BFE6D244463EF000569C7 /* SceneDelegate.swift in Sources */ = {isa = PBXBuildFile; fileRef = 636BFE6C244463EF000569C7 /* SceneDelegate.swift */; };
		636BFE6F244463EF000569C7 /* ViewController.swift in Sources */ = {isa = PBXBuildFile; fileRef = 636BFE6E244463EF000569C7 /* ViewController.swift */; };
		636BFE72244463EF000569C7 /* Main.storyboard in Resources */ = {isa = PBXBuildFile; fileRef = 636BFE70244463EF000569C7 /* Main.storyboard */; };
		636BFE74244463F5000569C7 /* Assets.xcassets in Resources */ = {isa = PBXBuildFile; fileRef = 636BFE73244463F5000569C7 /* Assets.xcassets */; };
		636BFE77244463F5000569C7 /* LaunchScreen.storyboard in Resources */ = {isa = PBXBuildFile; fileRef = 636BFE75244463F5000569C7 /* LaunchScreen.storyboard */; };
		636BFE82244463F6000569C7 /* janken3Tests.swift in Sources */ = {isa = PBXBuildFile; fileRef = 636BFE81244463F6000569C7 /* janken3Tests.swift */; };
		636BFE8D244463F6000569C7 /* janken3UITests.swift in Sources */ = {isa = PBXBuildFile; fileRef = 636BFE8C244463F6000569C7 /* janken3UITests.swift */; };
/* End PBXBuildFile section */

/* Begin PBXContainerItemProxy section */
		636BFE7E244463F6000569C7 /* PBXContainerItemProxy */ = {
			isa = PBXContainerItemProxy;
			containerPortal = 636BFE5F244463EF000569C7 /* Project object */;
			proxyType = 1;
			remoteGlobalIDString = 636BFE66244463EF000569C7;
			remoteInfo = janken3;
		};
		636BFE89244463F6000569C7 /* PBXContainerItemProxy */ = {
			isa = PBXContainerItemProxy;
			containerPortal = 636BFE5F244463EF000569C7 /* Project object */;
			proxyType = 1;
			remoteGlobalIDString = 636BFE66244463EF000569C7;
			remoteInfo = janken3;
		};
/* End PBXContainerItemProxy section */

/* Begin PBXFileReference section */
		636BFE67244463EF000569C7 /* janken3.app */ = {isa = PBXFileReference; explicitFileType = wrapper.application; includeInIndex = 0; path = janken3.app; sourceTree = BUILT_PRODUCTS_DIR; };
		636BFE6A244463EF000569C7 /* AppDelegate.swift */ = {isa = PBXFileReference; lastKnownFileType = sourcecode.swift; path = AppDelegate.swift; sourceTree = "<group>"; };
		636BFE6C244463EF000569C7 /* SceneDelegate.swift */ = {isa = PBXFileReference; lastKnownFileType = sourcecode.swift; path = SceneDelegate.swift; sourceTree = "<group>"; };
		636BFE6E244463EF000569C7 /* ViewController.swift */ = {isa = PBXFileReference; lastKnownFileType = sourcecode.swift; path = ViewController.swift; sourceTree = "<group>"; };
		636BFE71244463EF000569C7 /* Base */ = {isa = PBXFileReference; lastKnownFileType = file.storyboard; name = Base; path = Base.lproj/Main.storyboard; sourceTree = "<group>"; };
		636BFE73244463F5000569C7 /* Assets.xcassets */ = {isa = PBXFileReference; lastKnownFileType = folder.assetcatalog; path = Assets.xcassets; sourceTree = "<group>"; };
		636BFE76244463F5000569C7 /* Base */ = {isa = PBXFileReference; lastKnownFileType = file.storyboard; name = Base; path = Base.lproj/LaunchScreen.storyboard; sourceTree = "<group>"; };
		636BFE78244463F5000569C7 /* Info.plist */ = {isa = PBXFileReference; lastKnownFileType = text.plist.xml; path = Info.plist; sourceTree = "<group>"; };
		636BFE7D244463F6000569C7 /* janken3Tests.xctest */ = {isa = PBXFileReference; explicitFileType = wrapper.cfbundle; includeInIndex = 0; path = janken3Tests.xctest; sourceTree = BUILT_PRODUCTS_DIR; };
		636BFE81244463F6000569C7 /* janken3Tests.swift */ = {isa = PBXFileReference; lastKnownFileType = sourcecode.swift; path = janken3Tests.swift; sourceTree = "<group>"; };
		636BFE83244463F6000569C7 /* Info.plist */ = {isa = PBXFileReference; lastKnownFileType = text.plist.xml; path = Info.plist; sourceTree = "<group>"; };
		636BFE88244463F6000569C7 /* janken3UITests.xctest */ = {isa = PBXFileReference; explicitFileType = wrapper.cfbundle; includeInIndex = 0; path = janken3UITests.xctest; sourceTree = BUILT_PRODUCTS_DIR; };
		636BFE8C244463F6000569C7 /* janken3UITests.swift */ = {isa = PBXFileReference; lastKnownFileType = sourcecode.swift; path = janken3UITests.swift; sourceTree = "<group>"; };
		636BFE8E244463F6000569C7 /* Info.plist */ = {isa = PBXFileReference; lastKnownFileType = text.plist.xml; path = Info.plist; sourceTree = "<group>"; };
/* End PBXFileReference section */

/* Begin PBXFrameworksBuildPhase section */
		636BFE64244463EF000569C7 /* Frameworks */ = {
			isa = PBXFrameworksBuildPhase;
			buildActionMask = 2147483647;
			files = (
			);
			runOnlyForDeploymentPostprocessing = 0;
		};
		636BFE7A244463F6000569C7 /* Frameworks */ = {
			isa = PBXFrameworksBuildPhase;
			buildActionMask = 2147483647;
			files = (
			);
			runOnlyForDeploymentPostprocessing = 0;
		};
		636BFE85244463F6000569C7 /* Frameworks */ = {
			isa = PBXFrameworksBuildPhase;
			buildActionMask = 2147483647;
			files = (
			);
			runOnlyForDeploymentPostprocessing = 0;
		};
/* End PBXFrameworksBuildPhase section */

/* Begin PBXGroup section */
		636BFE5E244463EF000569C7 = {
			isa = PBXGroup;
			children = (
				636BFE69244463EF000569C7 /* janken3 */,
				636BFE80244463F6000569C7 /* janken3Tests */,
				636BFE8B244463F6000569C7 /* janken3UITests */,
				636BFE68244463EF000569C7 /* Products */,
			);
			sourceTree = "<group>";
		};
		636BFE68244463EF000569C7 /* Products */ = {
			isa = PBXGroup;
			children = (
				636BFE67244463EF000569C7 /* janken3.app */,
				636BFE7D244463F6000569C7 /* janken3Tests.xctest */,
				636BFE88244463F6000569C7 /* janken3UITests.xctest */,
			);
			name = Products;
			sourceTree = "<group>";
		};
		636BFE69244463EF000569C7 /* janken3 */ = {
			isa = PBXGroup;
			children = (
				636BFE6A244463EF000569C7 /* AppDelegate.swift */,
				636BFE6C244463EF000569C7 /* SceneDelegate.swift */,
				636BFE6E244463EF000569C7 /* ViewController.swift */,
				636BFE70244463EF000569C7 /* Main.storyboard */,
				636BFE73244463F5000569C7 /* Assets.xcassets */,
				636BFE75244463F5000569C7 /* LaunchScreen.storyboard */,
				636BFE78244463F5000569C7 /* Info.plist */,
			);
			path = janken3;
			sourceTree = "<group>";
		};
		636BFE80244463F6000569C7 /* janken3Tests */ = {
			isa = PBXGroup;
			children = (
				636BFE81244463F6000569C7 /* janken3Tests.swift */,
				636BFE83244463F6000569C7 /* Info.plist */,
			);
			path = janken3Tests;
			sourceTree = "<group>";
		};
		636BFE8B244463F6000569C7 /* janken3UITests */ = {
			isa = PBXGroup;
			children = (
				636BFE8C244463F6000569C7 /* janken3UITests.swift */,
				636BFE8E244463F6000569C7 /* Info.plist */,
			);
			path = janken3UITests;
			sourceTree = "<group>";
		};
/* End PBXGroup section */

/* Begin PBXNativeTarget section */
		636BFE66244463EF000569C7 /* janken3 */ = {
			isa = PBXNativeTarget;
			buildConfigurationList = 636BFE91244463F6000569C7 /* Build configuration list for PBXNativeTarget "janken3" */;
			buildPhases = (
				636BFE63244463EF000569C7 /* Sources */,
				636BFE64244463EF000569C7 /* Frameworks */,
				636BFE65244463EF000569C7 /* Resources */,
			);
			buildRules = (
			);
			dependencies = (
			);
			name = janken3;
			productName = janken3;
			productReference = 636BFE67244463EF000569C7 /* janken3.app */;
			productType = "com.apple.product-type.application";
		};
		636BFE7C244463F6000569C7 /* janken3Tests */ = {
			isa = PBXNativeTarget;
			buildConfigurationList = 636BFE94244463F6000569C7 /* Build configuration list for PBXNativeTarget "janken3Tests" */;
			buildPhases = (
				636BFE79244463F6000569C7 /* Sources */,
				636BFE7A244463F6000569C7 /* Frameworks */,
				636BFE7B244463F6000569C7 /* Resources */,
			);
			buildRules = (
			);
			dependencies = (
				636BFE7F244463F6000569C7 /* PBXTargetDependency */,
			);
			name = janken3Tests;
			productName = janken3Tests;
			productReference = 636BFE7D244463F6000569C7 /* janken3Tests.xctest */;
			productType = "com.apple.product-type.bundle.unit-test";
		};
		636BFE87244463F6000569C7 /* janken3UITests */ = {
			isa = PBXNativeTarget;
			buildConfigurationList = 636BFE97244463F6000569C7 /* Build configuration list for PBXNativeTarget "janken3UITests" */;
			buildPhases = (
				636BFE84244463F6000569C7 /* Sources */,
				636BFE85244463F6000569C7 /* Frameworks */,
				636BFE86244463F6000569C7 /* Resources */,
			);
			buildRules = (
			);
			dependencies = (
				636BFE8A244463F6000569C7 /* PBXTargetDependency */,
			);
			name = janken3UITests;
			productName = janken3UITests;
			productReference = 636BFE88244463F6000569C7 /* janken3UITests.xctest */;
			productType = "com.apple.product-type.bundle.ui-testing";
		};
/* End PBXNativeTarget section */

/* Begin PBXProject section */
		636BFE5F244463EF000569C7 /* Project object */ = {
			isa = PBXProject;
			attributes = {
				LastSwiftUpdateCheck = 1110;
				LastUpgradeCheck = 1110;
				ORGANIZATIONNAME = MACUser;
				TargetAttributes = {
					636BFE66244463EF000569C7 = {
						CreatedOnToolsVersion = 11.1;
					};
					636BFE7C244463F6000569C7 = {
						CreatedOnToolsVersion = 11.1;
						TestTargetID = 636BFE66244463EF000569C7;
					};
					636BFE87244463F6000569C7 = {
						CreatedOnToolsVersion = 11.1;
						TestTargetID = 636BFE66244463EF000569C7;
					};
				};
			};
			buildConfigurationList = 636BFE62244463EF000569C7 /* Build configuration list for PBXProject "janken3" */;
			compatibilityVersion = "Xcode 9.3";
			developmentRegion = en;
			hasScannedForEncodings = 0;
			knownRegions = (
				en,
				Base,
			);
			mainGroup = 636BFE5E244463EF000569C7;
			productRefGroup = 636BFE68244463EF000569C7 /* Products */;
			projectDirPath = "";
			projectRoot = "";
			targets = (
				636BFE66244463EF000569C7 /* janken3 */,
				636BFE7C244463F6000569C7 /* janken3Tests */,
				636BFE87244463F6000569C7 /* janken3UITests */,
			);
		};
/* End PBXProject section */

/* Begin PBXResourcesBuildPhase section */
		636BFE65244463EF000569C7 /* Resources */ = {
			isa = PBXResourcesBuildPhase;
			buildActionMask = 2147483647;
			files = (
				636BFE77244463F5000569C7 /* LaunchScreen.storyboard in Resources */,
				636BFE74244463F5000569C7 /* Assets.xcassets in Resources */,
				636BFE72244463EF000569C7 /* Main.storyboard in Resources */,
			);
			runOnlyForDeploymentPostprocessing = 0;
		};
		636BFE7B244463F6000569C7 /* Resources */ = {
			isa = PBXResourcesBuildPhase;
			buildActionMask = 2147483647;
			files = (
			);
			runOnlyForDeploymentPostprocessing = 0;
		};
		636BFE86244463F6000569C7 /* Resources */ = {
			isa = PBXResourcesBuildPhase;
			buildActionMask = 2147483647;
			files = (
			);
			runOnlyForDeploymentPostprocessing = 0;
		};
/* End PBXResourcesBuildPhase section */

/* Begin PBXSourcesBuildPhase section */
		636BFE63244463EF000569C7 /* Sources */ = {
			isa = PBXSourcesBuildPhase;
			buildActionMask = 2147483647;
			files = (
				636BFE6F244463EF000569C7 /* ViewController.swift in Sources */,
				636BFE6B244463EF000569C7 /* AppDelegate.swift in Sources */,
				636BFE6D244463EF000569C7 /* SceneDelegate.swift in Sources */,
			);
			runOnlyForDeploymentPostprocessing = 0;
		};
		636BFE79244463F6000569C7 /* Sources */ = {
			isa = PBXSourcesBuildPhase;
			buildActionMask = 2147483647;
			files = (
				636BFE82244463F6000569C7 /* janken3Tests.swift in Sources */,
			);
			runOnlyForDeploymentPostprocessing = 0;
		};
		636BFE84244463F6000569C7 /* Sources */ = {
			isa = PBXSourcesBuildPhase;
			buildActionMask = 2147483647;
			files = (
				636BFE8D244463F6000569C7 /* janken3UITests.swift in Sources */,
			);
			runOnlyForDeploymentPostprocessing = 0;
		};
/* End PBXSourcesBuildPhase section */

/* Begin PBXTargetDependency section */
		636BFE7F244463F6000569C7 /* PBXTargetDependency */ = {
			isa = PBXTargetDependency;
			target = 636BFE66244463EF000569C7 /* janken3 */;
			targetProxy = 636BFE7E244463F6000569C7 /* PBXContainerItemProxy */;
		};
		636BFE8A244463F6000569C7 /* PBXTargetDependency */ = {
			isa = PBXTargetDependency;
			target = 636BFE66244463EF000569C7 /* janken3 */;
			targetProxy = 636BFE89244463F6000569C7 /* PBXContainerItemProxy */;
		};
/* End PBXTargetDependency section */

/* Begin PBXVariantGroup section */
		636BFE70244463EF000569C7 /* Main.storyboard */ = {
			isa = PBXVariantGroup;
			children = (
				636BFE71244463EF000569C7 /* Base */,
			);
			name = Main.storyboard;
			sourceTree = "<group>";
		};
		636BFE75244463F5000569C7 /* LaunchScreen.storyboard */ = {
			isa = PBXVariantGroup;
			children = (
				636BFE76244463F5000569C7 /* Base */,
			);
			name = LaunchScreen.storyboard;
			sourceTree = "<group>";
		};
/* End PBXVariantGroup section */

/* Begin XCBuildConfiguration section */
		636BFE8F244463F6000569C7 /* Debug */ = {
			isa = XCBuildConfiguration;
			buildSettings = {
				ALWAYS_SEARCH_USER_PATHS = NO;
				CLANG_ANALYZER_NONNULL = YES;
				CLANG_ANALYZER_NUMBER_OBJECT_CONVERSION = YES_AGGRESSIVE;
				CLANG_CXX_LANGUAGE_STANDARD = "gnu++14";
				CLANG_CXX_LIBRARY = "libc++";
				CLANG_ENABLE_MODULES = YES;
				CLANG_ENABLE_OBJC_ARC = YES;
				CLANG_ENABLE_OBJC_WEAK = YES;
				CLANG_WARN_BLOCK_CAPTURE_AUTORELEASING = YES;
				CLANG_WARN_BOOL_CONVERSION = YES;
				CLANG_WARN_COMMA = YES;
				CLANG_WARN_CONSTANT_CONVERSION = YES;
				CLANG_WARN_DEPRECATED_OBJC_IMPLEMENTATIONS = YES;
				CLANG_WARN_DIRECT_OBJC_ISA_USAGE = YES_ERROR;
				CLANG_WARN_DOCUMENTATION_COMMENTS = YES;
				CLANG_WARN_EMPTY_BODY = YES;
				CLANG_WARN_ENUM_CONVERSION = YES;
				CLANG_WARN_INFINITE_RECURSION = YES;
				CLANG_WARN_INT_CONVERSION = YES;
				CLANG_WARN_NON_LITERAL_NULL_CONVERSION = YES;
				CLANG_WARN_OBJC_IMPLICIT_RETAIN_SELF = YES;
				CLANG_WARN_OBJC_LITERAL_CONVERSION = YES;
				CLANG_WARN_OBJC_ROOT_CLASS = YES_ERROR;
				CLANG_WARN_RANGE_LOOP_ANALYSIS = YES;
				CLANG_WARN_STRICT_PROTOTYPES = YES;
				CLANG_WARN_SUSPICIOUS_MOVE = YES;
				CLANG_WARN_UNGUARDED_AVAILABILITY = YES_AGGRESSIVE;
				CLANG_WARN_UNREACHABLE_CODE = YES;
				CLANG_WARN__DUPLICATE_METHOD_MATCH = YES;
				COPY_PHASE_STRIP = NO;
				DEBUG_INFORMATION_FORMAT = dwarf;
				ENABLE_STRICT_OBJC_MSGSEND = YES;
				ENABLE_TESTABILITY = YES;
				GCC_C_LANGUAGE_STANDARD = gnu11;
				GCC_DYNAMIC_NO_PIC = NO;
				GCC_NO_COMMON_BLOCKS = YES;
				GCC_OPTIMIZATION_LEVEL = 0;
				GCC_PREPROCESSOR_DEFINITIONS = (
					"DEBUG=1",
					"$(inherited)",
				);
				GCC_WARN_64_TO_32_BIT_CONVERSION = YES;
				GCC_WARN_ABOUT_RETURN_TYPE = YES_ERROR;
				GCC_WARN_UNDECLARED_SELECTOR = YES;
				GCC_WARN_UNINITIALIZED_AUTOS = YES_AGGRESSIVE;
				GCC_WARN_UNUSED_FUNCTION = YES;
				GCC_WARN_UNUSED_VARIABLE = YES;
				IPHONEOS_DEPLOYMENT_TARGET = 13.1;
				MTL_ENABLE_DEBUG_INFO = INCLUDE_SOURCE;
				MTL_FAST_MATH = YES;
				ONLY_ACTIVE_ARCH = YES;
				SDKROOT = iphoneos;
				SWIFT_ACTIVE_COMPILATION_CONDITIONS = DEBUG;
				SWIFT_OPTIMIZATION_LEVEL = "-Onone";
			};
			name = Debug;
		};
		636BFE90244463F6000569C7 /* Release */ = {
			isa = XCBuildConfiguration;
			buildSettings = {
				ALWAYS_SEARCH_USER_PATHS = NO;
				CLANG_ANALYZER_NONNULL = YES;
				CLANG_ANALYZER_NUMBER_OBJECT_CONVERSION = YES_AGGRESSIVE;
				CLANG_CXX_LANGUAGE_STANDARD = "gnu++14";
				CLANG_CXX_LIBRARY = "libc++";
				CLANG_ENABLE_MODULES = YES;
				CLANG_ENABLE_OBJC_ARC = YES;
				CLANG_ENABLE_OBJC_WEAK = YES;
				CLANG_WARN_BLOCK_CAPTURE_AUTORELEASING = YES;
				CLANG_WARN_BOOL_CONVERSION = YES;
				CLANG_WARN_COMMA = YES;
				CLANG_WARN_CONSTANT_CONVERSION = YES;
				CLANG_WARN_DEPRECATED_OBJC_IMPLEMENTATIONS = YES;
				CLANG_WARN_DIRECT_OBJC_ISA_USAGE = YES_ERROR;
				CLANG_WARN_DOCUMENTATION_COMMENTS = YES;
				CLANG_WARN_EMPTY_BODY = YES;
				CLANG_WARN_ENUM_CONVERSION = YES;
				CLANG_WARN_INFINITE_RECURSION = YES;
				CLANG_WARN_INT_CONVERSION = YES;
				CLANG_WARN_NON_LITERAL_NULL_CONVERSION = YES;
				CLANG_WARN_OBJC_IMPLICIT_RETAIN_SELF = YES;
				CLANG_WARN_OBJC_LITERAL_CONVERSION = YES;
				CLANG_WARN_OBJC_ROOT_CLASS = YES_ERROR;
				CLANG_WARN_RANGE_LOOP_ANALYSIS = YES;
				CLANG_WARN_STRICT_PROTOTYPES = YES;
				CLANG_WARN_SUSPICIOUS_MOVE = YES;
				CLANG_WARN_UNGUARDED_AVAILABILITY = YES_AGGRESSIVE;
				CLANG_WARN_UNREACHABLE_CODE = YES;
				CLANG_WARN__DUPLICATE_METHOD_MATCH = YES;
				COPY_PHASE_STRIP = NO;
				DEBUG_INFORMATION_FORMAT = "dwarf-with-dsym";
				ENABLE_NS_ASSERTIONS = NO;
				ENABLE_STRICT_OBJC_MSGSEND = YES;
				GCC_C_LANGUAGE_STANDARD = gnu11;
				GCC_NO_COMMON_BLOCKS = YES;
				GCC_WARN_64_TO_32_BIT_CONVERSION = YES;
				GCC_WARN_ABOUT_RETURN_TYPE = YES_ERROR;
				GCC_WARN_UNDECLARED_SELECTOR = YES;
				GCC_WARN_UNINITIALIZED_AUTOS = YES_AGGRESSIVE;
				GCC_WARN_UNUSED_FUNCTION = YES;
				GCC_WARN_UNUSED_VARIABLE = YES;
				IPHONEOS_DEPLOYMENT_TARGET = 13.1;
				MTL_ENABLE_DEBUG_INFO = NO;
				MTL_FAST_MATH = YES;
				SDKROOT = iphoneos;
				SWIFT_COMPILATION_MODE = wholemodule;
				SWIFT_OPTIMIZATION_LEVEL = "-O";
				VALIDATE_PRODUCT = YES;
			};
			name = Release;
		};
		636BFE92244463F6000569C7 /* Debug */ = {
			isa = XCBuildConfiguration;
			buildSettings = {
				ASSETCATALOG_COMPILER_APPICON_NAME = AppIcon;
				CODE_SIGN_STYLE = Automatic;
				INFOPLIST_FILE = janken3/Info.plist;
				LD_RUNPATH_SEARCH_PATHS = (
					"$(inherited)",
					"@executable_path/Frameworks",
				);
				PRODUCT_BUNDLE_IDENTIFIER = com.yourch.janken.janken3;
				PRODUCT_NAME = "$(TARGET_NAME)";
				SWIFT_VERSION = 5.0;
				TARGETED_DEVICE_FAMILY = "1,2";
			};
			name = Debug;
		};
		636BFE93244463F6000569C7 /* Release */ = {
			isa = XCBuildConfiguration;
			buildSettings = {
				ASSETCATALOG_COMPILER_APPICON_NAME = AppIcon;
				CODE_SIGN_STYLE = Automatic;
				INFOPLIST_FILE = janken3/Info.plist;
				LD_RUNPATH_SEARCH_PATHS = (
					"$(inherited)",
					"@executable_path/Frameworks",
				);
				PRODUCT_BUNDLE_IDENTIFIER = com.yourch.janken.janken3;
				PRODUCT_NAME = "$(TARGET_NAME)";
				SWIFT_VERSION = 5.0;
				TARGETED_DEVICE_FAMILY = "1,2";
			};
			name = Release;
		};
		636BFE95244463F6000569C7 /* Debug */ = {
			isa = XCBuildConfiguration;
			buildSettings = {
				ALWAYS_EMBED_SWIFT_STANDARD_LIBRARIES = YES;
				BUNDLE_LOADER = "$(TEST_HOST)";
				CODE_SIGN_STYLE = Automatic;
				INFOPLIST_FILE = janken3Tests/Info.plist;
				IPHONEOS_DEPLOYMENT_TARGET = 13.1;
				LD_RUNPATH_SEARCH_PATHS = (
					"$(inherited)",
					"@executable_path/Frameworks",
					"@loader_path/Frameworks",
				);
				PRODUCT_BUNDLE_IDENTIFIER = com.yourch.janken.janken3Tests;
				PRODUCT_NAME = "$(TARGET_NAME)";
				SWIFT_VERSION = 5.0;
				TARGETED_DEVICE_FAMILY = "1,2";
				TEST_HOST = "$(BUILT_PRODUCTS_DIR)/janken3.app/janken3";
			};
			name = Debug;
		};
		636BFE96244463F6000569C7 /* Release */ = {
			isa = XCBuildConfiguration;
			buildSettings = {
				ALWAYS_EMBED_SWIFT_STANDARD_LIBRARIES = YES;
				BUNDLE_LOADER = "$(TEST_HOST)";
				CODE_SIGN_STYLE = Automatic;
				INFOPLIST_FILE = janken3Tests/Info.plist;
				IPHONEOS_DEPLOYMENT_TARGET = 13.1;
				LD_RUNPATH_SEARCH_PATHS = (
					"$(inherited)",
					"@executable_path/Frameworks",
					"@loader_path/Frameworks",
				);
				PRODUCT_BUNDLE_IDENTIFIER = com.yourch.janken.janken3Tests;
				PRODUCT_NAME = "$(TARGET_NAME)";
				SWIFT_VERSION = 5.0;
				TARGETED_DEVICE_FAMILY = "1,2";
				TEST_HOST = "$(BUILT_PRODUCTS_DIR)/janken3.app/janken3";
			};
			name = Release;
		};
		636BFE98244463F6000569C7 /* Debug */ = {
			isa = XCBuildConfiguration;
			buildSettings = {
				ALWAYS_EMBED_SWIFT_STANDARD_LIBRARIES = YES;
				CODE_SIGN_STYLE = Automatic;
				INFOPLIST_FILE = janken3UITests/Info.plist;
				LD_RUNPATH_SEARCH_PATHS = (
					"$(inherited)",
					"@executable_path/Frameworks",
					"@loader_path/Frameworks",
				);
				PRODUCT_BUNDLE_IDENTIFIER = com.yourch.janken.janken3UITests;
				PRODUCT_NAME = "$(TARGET_NAME)";
				SWIFT_VERSION = 5.0;
				TARGETED_DEVICE_FAMILY = "1,2";
				TEST_TARGET_NAME = janken3;
			};
			name = Debug;
		};
		636BFE99244463F6000569C7 /* Release */ = {
			isa = XCBuildConfiguration;
			buildSettings = {
				ALWAYS_EMBED_SWIFT_STANDARD_LIBRARIES = YES;
				CODE_SIGN_STYLE = Automatic;
				INFOPLIST_FILE = janken3UITests/Info.plist;
				LD_RUNPATH_SEARCH_PATHS = (
					"$(inherited)",
					"@executable_path/Frameworks",
					"@loader_path/Frameworks",
				);
				PRODUCT_BUNDLE_IDENTIFIER = com.yourch.janken.janken3UITests;
				PRODUCT_NAME = "$(TARGET_NAME)";
				SWIFT_VERSION = 5.0;
				TARGETED_DEVICE_FAMILY = "1,2";
				TEST_TARGET_NAME = janken3;
			};
			name = Release;
		};
/* End XCBuildConfiguration section */

/* Begin XCConfigurationList section */
		636BFE62244463EF000569C7 /* Build configuration list for PBXProject "janken3" */ = {
			isa = XCConfigurationList;
			buildConfigurations = (
				636BFE8F244463F6000569C7 /* Debug */,
				636BFE90244463F6000569C7 /* Release */,
			);
			defaultConfigurationIsVisible = 0;
			defaultConfigurationName = Release;
		};
		636BFE91244463F6000569C7 /* Build configuration list for PBXNativeTarget "janken3" */ = {
			isa = XCConfigurationList;
			buildConfigurations = (
				636BFE92244463F6000569C7 /* Debug */,
				636BFE93244463F6000569C7 /* Release */,
			);
			defaultConfigurationIsVisible = 0;
			defaultConfigurationName = Release;
		};
		636BFE94244463F6000569C7 /* Build configuration list for PBXNativeTarget "janken3Tests" */ = {
			isa = XCConfigurationList;
			buildConfigurations = (
				636BFE95244463F6000569C7 /* Debug */,
				636BFE96244463F6000569C7 /* Release */,
			);
			defaultConfigurationIsVisible = 0;
			defaultConfigurationName = Release;
		};
		636BFE97244463F6000569C7 /* Build configuration list for PBXNativeTarget "janken3UITests" */ = {
			isa = XCConfigurationList;
			buildConfigurations = (
				636BFE98244463F6000569C7 /* Debug */,
				636BFE99244463F6000569C7 /* Release */,
			);
			defaultConfigurationIsVisible = 0;
			defaultConfigurationName = Release;
		};
/* End XCConfigurationList section */
	};
	rootObject = 636BFE5F244463EF000569C7 /* Project object */;
}
